
Microsoft Visual Studio Solution File, Format Version 12.00
Project("{FAE04EC0-301F-11D3-BF4B-00C04F79EFBC}") = "exac.backoffice", "exac.backoffice\exac.backoffice.csproj", "{D005A700-6F96-4EFF-A108-6BF1C91D97CB}"
EndProject
Global
	GlobalSection(SolutionConfigurationPlatforms) = preSolution
		Debug|Any CPU = Debug|Any CPU
		Release|Any CPU = Release|Any CPU
	EndGlobalSection
	GlobalSection(ProjectConfigurationPlatforms) = postSolution
		{D005A700-6F96-4EFF-A108-6BF1C91D97CB}.Debug|Any CPU.ActiveCfg = Debug|Any CPU
		{D005A700-6F96-4EFF-A108-6BF1C91D97CB}.Debug|Any CPU.Build.0 = Debug|Any CPU
		{D005A700-6F96-4EFF-A108-6BF1C91D97CB}.Release|Any CPU.ActiveCfg = Release|Any CPU
		{D005A700-6F96-4EFF-A108-6BF1C91D97CB}.Release|Any CPU.Build.0 = Release|Any CPU
	EndGlobalSection
EndGlobal
